PODS:
  - AASDK (2.0.0.8):
    - AASDK/FBSDKLoginKit (= 2.0.0.8)
  - AASDK/FBSDKLoginKit (2.0.0.8):
    - FBSDKLoginKit (= 15.1.0)
  - FBAEMKit (15.1.0):
    - FBSDKCoreKit_Basics (= 15.1.0)
  - FBSDKCoreKit (15.1.0):
    - FBAEMKit (= 15.1.0)
    - FBSDKCoreKit_Basics (= 15.1.0)
  - FBSDKCoreKit_Basics (15.1.0)
  - FBSDKLoginKit (15.1.0):
    - FBSDKCoreKit (= 15.1.0)
  - TASDK (4.1.1.4)

DEPENDENCIES:
  - AASDK (= 2.0.0.8)
  - TASDK (= 4.1.1.4)

SPEC REPOS:
  https://github.com/Avid-ly/iOS-CocoaPods-Spec.git:
    - AASDK
    - TASDK
  https://github.com/CocoaPods/Specs.git:
    - FBAEMKit
    - FBSDKCoreKit
    - FBSDKCoreKit_Basics
    - FBSDKLoginKit

SPEC CHECKSUMS:
  AASDK: c67f9d77d8c042140776d0719bc36aa06198dcad
  FBAEMKit: c7f82b5145d446bcbbcd50485c032689032fc6a2
  FBSDKCoreKit: 7542746fc63a2a38dd6a865eeb54268341f37b83
  FBSDKCoreKit_Basics: 92d6b26c0bed30ab09bbdd96dccaa26e6c9978d1
  FBSDKLoginKit: 4e275d30cf90e92bdf3a7c82857a8642abf23037
  TASDK: 3ea1df22df4a5a9af402cba27d319b041d93dd37

PODFILE CHECKSUM: 6dee39991af363c891a7b9c863b3f33ebbc796ae

COCOAPODS: 1.15.2
